
Microsoft Visual Studio Solution File, Format Version 12.00
# Visual Studio Version 16
VisualStudioVersion = 16.0.29306.81
MinimumVisualStudioVersion = 10.0.40219.1
Project("{9A19103F-16F7-4668-BE54-9A1E7A4F7556}") = "TheMosh.Dcp.092019", "TheMosh.Dcp.092019.csproj", "{91B19F55-1881-4E31-B295-04730551B5EE}"
EndProject
Project("{FAE04EC0-301F-11D3-BF4B-00C04F79EFBC}") = "TheMosh.Dcp.092019.Test", "..\TheMosh.Dcp.092019.Test\TheMosh.Dcp.092019.Test.csproj", "{1952BE61-51AC-45B3-BCAA-CDDEAADCA174}"
EndProject
Global
	GlobalSection(SolutionConfigurationPlatforms) = preSolution
		Debug|Any CPU = Debug|Any CPU
		Release|Any CPU = Release|Any CPU
	EndGlobalSection
	GlobalSection(ProjectConfigurationPlatforms) = postSolution
		{91B19F55-1881-4E31-B295-04730551B5EE}.Debug|Any CPU.ActiveCfg = Debug|Any CPU
		{91B19F55-1881-4E31-B295-04730551B5EE}.Debug|Any CPU.Build.0 = Debug|Any CPU
		{91B19F55-1881-4E31-B295-04730551B5EE}.Release|Any CPU.ActiveCfg = Release|Any CPU
		{91B19F55-1881-4E31-B295-04730551B5EE}.Release|Any CPU.Build.0 = Release|Any CPU
		{1952BE61-51AC-45B3-BCAA-CDDEAADCA174}.Debug|Any CPU.ActiveCfg = Debug|Any CPU
		{1952BE61-51AC-45B3-BCAA-CDDEAADCA174}.Debug|Any CPU.Build.0 = Debug|Any CPU
		{1952BE61-51AC-45B3-BCAA-CDDEAADCA174}.Release|Any CPU.ActiveCfg = Release|Any CPU
		{1952BE61-51AC-45B3-BCAA-CDDEAADCA174}.Release|Any CPU.Build.0 = Release|Any CPU
	EndGlobalSection
	GlobalSection(SolutionProperties) = preSolution
		HideSolutionNode = FALSE
	EndGlobalSection
	GlobalSection(ExtensibilityGlobals) = postSolution
		SolutionGuid = {17B7CCD1-0D43-4B84-AB2A-CD412241979C}
	EndGlobalSection
EndGlobal
